
Microsoft Visual Studio Solution File, Format Version 12.00
# Visual Studio Version 17
VisualStudioVersion = 17.4.33213.308
MinimumVisualStudioVersion = 10.0.40219.1
Project("{9A19103F-16F7-4668-BE54-9A1E7A4F7556}") = "RESTful api", "RESTful api\RESTful api.csproj", "{82A28CEB-1574-42D8-A9DF-48D10E19F794}"
EndProject
Project("{9A19103F-16F7-4668-BE54-9A1E7A4F7556}") = "RESTful api.Test", "RESTful api.Test\RESTful api.Test.csproj", "{B1FFFCF9-EB54-4F57-9594-BE434BF43924}"
EndProject
Project("{9A19103F-16F7-4668-BE54-9A1E7A4F7556}") = "RESTful api.LoggerService", "LoggerService\RESTful api.LoggerService.csproj", "{23FCB31C-86FE-4C68-98DE-F7722E00014F}"
EndProject
Project("{9A19103F-16F7-4668-BE54-9A1E7A4F7556}") = "RESTful api.Contracts", "RESTful api.Contracts\RESTful api.Contracts.csproj", "{1DB63620-4062-4E7F-81B3-136BDAD9FA10}"
EndProject
Global
	GlobalSection(SolutionConfigurationPlatforms) = preSolution
		Debug|Any CPU = Debug|Any CPU
		Release|Any CPU = Release|Any CPU
	EndGlobalSection
	GlobalSection(ProjectConfigurationPlatforms) = postSolution
		{82A28CEB-1574-42D8-A9DF-48D10E19F794}.Debug|Any CPU.ActiveCfg = Debug|Any CPU
		{82A28CEB-1574-42D8-A9DF-48D10E19F794}.Debug|Any CPU.Build.0 = Debug|Any CPU
		{82A28CEB-1574-42D8-A9DF-48D10E19F794}.Release|Any CPU.ActiveCfg = Release|Any CPU
		{82A28CEB-1574-42D8-A9DF-48D10E19F794}.Release|Any CPU.Build.0 = Release|Any CPU
		{B1FFFCF9-EB54-4F57-9594-BE434BF43924}.Debug|Any CPU.ActiveCfg = Debug|Any CPU
		{B1FFFCF9-EB54-4F57-9594-BE434BF43924}.Debug|Any CPU.Build.0 = Debug|Any CPU
		{B1FFFCF9-EB54-4F57-9594-BE434BF43924}.Release|Any CPU.ActiveCfg = Release|Any CPU
		{B1FFFCF9-EB54-4F57-9594-BE434BF43924}.Release|Any CPU.Build.0 = Release|Any CPU
		{23FCB31C-86FE-4C68-98DE-F7722E00014F}.Debug|Any CPU.ActiveCfg = Debug|Any CPU
		{23FCB31C-86FE-4C68-98DE-F7722E00014F}.Debug|Any CPU.Build.0 = Debug|Any CPU
		{23FCB31C-86FE-4C68-98DE-F7722E00014F}.Release|Any CPU.ActiveCfg = Release|Any CPU
		{23FCB31C-86FE-4C68-98DE-F7722E00014F}.Release|Any CPU.Build.0 = Release|Any CPU
		{1DB63620-4062-4E7F-81B3-136BDAD9FA10}.Debug|Any CPU.ActiveCfg = Debug|Any CPU
		{1DB63620-4062-4E7F-81B3-136BDAD9FA10}.Debug|Any CPU.Build.0 = Debug|Any CPU
		{1DB63620-4062-4E7F-81B3-136BDAD9FA10}.Release|Any CPU.ActiveCfg = Release|Any CPU
		{1DB63620-4062-4E7F-81B3-136BDAD9FA10}.Release|Any CPU.Build.0 = Release|Any CPU
	EndGlobalSection
	GlobalSection(SolutionProperties) = preSolution
		HideSolutionNode = FALSE
	EndGlobalSection
	GlobalSection(ExtensibilityGlobals) = postSolution
		SolutionGuid = {837DD3A6-087E-414F-8116-D239D83E30F2}
	EndGlobalSection
EndGlobal
